hash: ea71e1c149a76c0a350ece75581dae0b73e6b360a1505602cd5faf6a3afa2750
updated: 2017-05-21T00:47:33.351805+02:00
imports:
- name: github.com/golang/glog
  version: 44145f04b68cf362d9c4df2182967c2275eaefed
- name: k8s.io/apimachinery
  version: 98c470feb44de033f26efb4af98a19f804ffffdc
  subpackages:
  - pkg/api/meta
  - pkg/api/resource
  - pkg/apimachinery
  - pkg/apimachinery/announced
  - pkg/apimachinery/registered
  - pkg/apis/meta/v1
  - pkg/apis/meta/v1/unstructured
  - pkg/conversion
  - pkg/conversion/queryparams
  - pkg/fields
  - pkg/labels
  - pkg/openapi
  - pkg/runtime
  - pkg/runtime/schema
  - pkg/runtime/serializer
  - pkg/runtime/serializer/json
  - pkg/runtime/serializer/protobuf
  - pkg/runtime/serializer/recognizer
  - pkg/runtime/serializer/versioning
  - pkg/selection
  - pkg/types
  - pkg/util/errors
  - pkg/util/framer
  - pkg/util/intstr
  - pkg/util/json
  - pkg/util/net
  - pkg/util/rand
  - pkg/util/runtime
  - pkg/util/sets
  - pkg/util/validation
  - pkg/util/validation/field
  - pkg/util/wait
  - pkg/util/yaml
  - pkg/watch
  - third_party/forked/golang/reflect
- name: k8s.io/apiserver
  version: be10c062e47924d02bedcc5833fbbc10ff36ea6b
- name: k8s.io/client-go
  version: 117378eef311e1a8ae898ddbde22c4df522079f0
- name: k8s.io/kubernetes
  version: 477efc3cbe6a7effca06bd1452fa356e2201e1ee
  subpackages:
  - pkg/api
  - pkg/api/v1
  - pkg/apis/apps
  - pkg/apis/apps/v1beta1
  - pkg/apis/batch
  - pkg/apis/batch/v1
  - pkg/apis/batch/v2alpha1
  - pkg/apis/extensions
  - pkg/apis/extensions/v1beta1
  - pkg/apis/storage
  - pkg/apis/storage/v1
  - pkg/util
  - pkg/util/parsers
  - pkg/watch/json
testImports: []
